version: 6
environments:
  default:
    channels:
    - url: https://conda.anaconda.org/conda-forge/
    options:
      pypi-prerelease-mode: if-necessary-or-explicit
    packages:
      linux-64:
      - conda: https://conda.anaconda.org/conda-forge/linux-64/_openmp_mutex-4.5-20_gnu.conda
      - conda: https://conda.anaconda.org/conda-forge/linux-64/bzip2-1.0.8-hda65f42_9.conda
      - conda: https://conda.anaconda.org/conda-forge/noarch/ca-certificates-2026.4.22-hbd8a1cb_0.conda
      - conda: https://conda.anaconda.org/conda-forge/linux-64/ld_impl_linux-64-2.45.1-default_hbd61a6d_102.conda
      - conda: https://conda.anaconda.org/conda-forge/linux-64/libexpat-2.8.0-hecca717_0.conda
      - conda: https://conda.anaconda.org/conda-forge/linux-64/libffi-3.5.2-h3435931_0.conda
      - conda: https://conda.anaconda.org/conda-forge/linux-64/libgcc-15.2.0-he0feb66_19.conda
      - conda: https://conda.anaconda.org/conda-forge/linux-64/libgomp-15.2.0-he0feb66_19.conda
      - conda: https://conda.anaconda.org/conda-forge/linux-64/liblzma-5.8.3-hb03c661_0.conda
      - conda: https://conda.anaconda.org/conda-forge/linux-64/liblzma-devel-5.8.3-hb03c661_0.conda
      - conda: https://conda.anaconda.org/conda-forge/linux-64/libmpdec-4.0.0-hb03c661_1.conda
      - conda: https://conda.anaconda.org/conda-forge/linux-64/libsqlite-3.53.1-h0c1763c_0.conda
      - conda: https://conda.anaconda.org/conda-forge/linux-64/libstdcxx-15.2.0-h934c35e_19.conda
      - conda: https://conda.anaconda.org/conda-forge/linux-64/libuuid-2.42.1-h5347b49_0.conda
      - conda: https://conda.anaconda.org/conda-forge/linux-64/libzlib-1.3.2-h25fd6f3_2.conda
      - conda: https://conda.anaconda.org/conda-forge/linux-64/ncurses-6.6-hdb14827_0.conda
      - conda: https://conda.anaconda.org/conda-forge/linux-64/openssl-3.6.2-h35e630c_0.conda
      - conda: https://conda.anaconda.org/conda-forge/linux-64/python-3.13.0-h9ebbce0_101_cp313.conda
      - conda: https://conda.anaconda.org/conda-forge/noarch/python_abi-3.13-8_cp313.conda
      - conda: https://conda.anaconda.org/conda-forge/linux-64/readline-8.3-h853b02a_0.conda
      - conda: https://conda.anaconda.org/conda-forge/linux-64/tk-8.6.13-noxft_h366c992_103.conda
      - conda: https://conda.anaconda.org/conda-forge/noarch/tzdata-2025c-hc9c84f9_1.conda
      - conda: https://conda.anaconda.org/conda-forge/linux-64/uv-0.11.15-h29f5ae7_0.conda
      - conda: https://conda.anaconda.org/conda-forge/linux-64/xz-5.8.3-ha02ee65_0.conda
      - conda: https://conda.anaconda.org/conda-forge/linux-64/xz-gpl-tools-5.8.3-ha02ee65_0.conda
      - conda: https://conda.anaconda.org/conda-forge/linux-64/xz-tools-5.8.3-hb03c661_0.conda
      - conda: https://conda.anaconda.org/conda-forge/linux-64/zstd-1.5.7-hb78ec9c_6.conda
      osx-arm64:
      - conda: https://conda.anaconda.org/conda-forge/osx-arm64/bzip2-1.0.8-hd037594_9.conda
      - conda: https://conda.anaconda.org/conda-forge/noarch/ca-certificates-2026.4.22-hbd8a1cb_0.conda
      - conda: https://conda.anaconda.org/conda-forge/osx-arm64/libcxx-22.1.5-h55c6f16_1.conda
      - conda: https://conda.anaconda.org/conda-forge/osx-arm64/libexpat-2.8.0-hf6b4638_0.conda
      - conda: https://conda.anaconda.org/conda-forge/osx-arm64/libffi-3.5.2-hcf2aa1b_0.conda
      - conda: https://conda.anaconda.org/conda-forge/osx-arm64/liblzma-5.8.3-h8088a28_0.conda
      - conda: https://conda.anaconda.org/conda-forge/osx-arm64/liblzma-devel-5.8.3-h8088a28_0.conda
      - conda: https://conda.anaconda.org/conda-forge/osx-arm64/libmpdec-4.0.0-h84a0fba_1.conda
      - conda: https://conda.anaconda.org/conda-forge/osx-arm64/libsqlite-3.53.1-h1b79a29_0.conda
      - conda: https://conda.anaconda.org/conda-forge/osx-arm64/libzlib-1.3.2-h8088a28_2.conda
      - conda: https://conda.anaconda.org/conda-forge/osx-arm64/ncurses-6.6-h1d4f5a5_0.conda
      - conda: https://conda.anaconda.org/conda-forge/osx-arm64/openssl-3.6.2-hd24854e_0.conda
      - conda: https://conda.anaconda.org/conda-forge/osx-arm64/python-3.13.0-hbbac1ca_101_cp313.conda
      - conda: https://conda.anaconda.org/conda-forge/noarch/python_abi-3.13-8_cp313.conda
      - conda: https://conda.anaconda.org/conda-forge/osx-arm64/readline-8.3-h46df422_0.conda
      - conda: https://conda.anaconda.org/conda-forge/osx-arm64/tk-8.6.13-h010d191_3.conda
      - conda: https://conda.anaconda.org/conda-forge/noarch/tzdata-2025c-hc9c84f9_1.conda
      - conda: https://conda.anaconda.org/conda-forge/osx-arm64/uv-0.11.15-h2c65d96_0.conda
      - conda: https://conda.anaconda.org/conda-forge/osx-arm64/xz-5.8.3-hd0f0c4f_0.conda
      - conda: https://conda.anaconda.org/conda-forge/osx-arm64/xz-gpl-tools-5.8.3-hd0f0c4f_0.conda
      - conda: https://conda.anaconda.org/conda-forge/osx-arm64/xz-tools-5.8.3-h8088a28_0.conda
packages:
- conda: https://conda.anaconda.org/conda-forge/linux-64/_openmp_mutex-4.5-20_gnu.conda
  build_number: 20
  sha256: 1dd3fffd892081df9726d7eb7e0dea6198962ba775bd88842135a4ddb4deb3c9
  md5: a9f577daf3de00bca7c3c76c0ecbd1de
  depends:
  - __glibc >=2.17,<3.0.a0
  - libgomp >=7.5.0
  constrains:
  - openmp_impl <0.0a0
  license: BSD-3-Clause
  license_family: BSD
  size: 28948
  timestamp: 1770939786096
- conda: https://conda.anaconda.org/conda-forge/linux-64/bzip2-1.0.8-hda65f42_9.conda
  sha256: 0b75d45f0bba3e95dc693336fa51f40ea28c980131fec438afb7ce6118ed05f6
  md5: d2ffd7602c02f2b316fd921d39876885
  depends:
  - __glibc >=2.17,<3.0.a0
  - libgcc >=14
  license: bzip2-1.0.6
  license_family: BSD
  size: 260182
  timestamp: 1771350215188
- conda: https://conda.anaconda.org/conda-forge/osx-arm64/bzip2-1.0.8-hd037594_9.conda
  sha256: 540fe54be35fac0c17feefbdc3e29725cce05d7367ffedfaaa1bdda234b019df
  md5: 620b85a3f45526a8bc4d23fd78fc22f0
  depends:
  - __osx >=11.0
  license: bzip2-1.0.6
  license_family: BSD
  size: 124834
  timestamp: 1771350416561
- conda: https://conda.anaconda.org/conda-forge/noarch/ca-certificates-2026.4.22-hbd8a1cb_0.conda
  sha256: c9dbcc8039a52023660d6d1bbf87594a93dd69c6ac5a2a44323af2c92976728d
  md5: e18ad67cf881dcadee8b8d9e2f8e5f73
  depends:
  - __unix
  license: ISC
  size: 131039
  timestamp: 1776865545798
- conda: https://conda.anaconda.org/conda-forge/linux-64/ld_impl_linux-64-2.45.1-default_hbd61a6d_102.conda
  sha256: 3d584956604909ff5df353767f3a2a2f60e07d070b328d109f30ac40cd62df6c
  md5: 18335a698559cdbcd86150a48bf54ba6
  depends:
  - __glibc >=2.17,<3.0.a0
  - zstd >=1.5.7,<1.6.0a0
  constrains:
  - binutils_impl_linux-64 2.45.1
  license: GPL-3.0-only
  license_family: GPL
  size: 728002
  timestamp: 1774197446916
- conda: https://conda.anaconda.org/conda-forge/osx-arm64/libcxx-22.1.5-h55c6f16_1.conda
  sha256: dddd01bd6b338221342a89530a1caffe6051a70cc8f8b1d8bb591d5447a3c603
  md5: ff484b683fecf1e875dfc7aa01d19796
  depends:
  - __osx >=11.0
  license: Apache-2.0 WITH LLVM-exception
  license_family: Apache
  size: 569359
  timestamp: 1778191546305
- conda: https://conda.anaconda.org/conda-forge/linux-64/libexpat-2.8.0-hecca717_0.conda
  sha256: ea33c40977ea7a2c3658c522230058395bc2ee0d89d99f0711390b6a1ee80d12
  md5: a3b390520c563d78cc58974de95a03e5
  depends:
  - __glibc >=2.17,<3.0.a0
  - libgcc >=14
  constrains:
  - expat 2.8.0.*
  license: MIT
  license_family: MIT
  size: 77241
  timestamp: 1777846112704
- conda: https://conda.anaconda.org/conda-forge/osx-arm64/libexpat-2.8.0-hf6b4638_0.conda
  sha256: f4b1cafc59afaede8fa0a2d9cf376840f1c553001acd72f6ead18bbc8ac8c49c
  md5: 65466e82c09e888ca7560c11a97d5450
  depends:
  - __osx >=11.0
  constrains:
  - expat 2.8.0.*
  license: MIT
  license_family: MIT
  size: 68789
  timestamp: 1777846180142
- conda: https://conda.anaconda.org/conda-forge/linux-64/libffi-3.5.2-h3435931_0.conda
  sha256: 31f19b6a88ce40ebc0d5a992c131f57d919f73c0b92cd1617a5bec83f6e961e6
  md5: a360c33a5abe61c07959e449fa1453eb
  depends:
  - __glibc >=2.17,<3.0.a0
  - libgcc >=14
  license: MIT
  license_family: MIT
  size: 58592
  timestamp: 1769456073053
- conda: https://conda.anaconda.org/conda-forge/osx-arm64/libffi-3.5.2-hcf2aa1b_0.conda
  sha256: 6686a26466a527585e6a75cc2a242bf4a3d97d6d6c86424a441677917f28bec7
  md5: 43c04d9cb46ef176bb2a4c77e324d599
  depends:
  - __osx >=11.0
  license: MIT
  license_family: MIT
  size: 40979
  timestamp: 1769456747661
- conda: https://conda.anaconda.org/conda-forge/linux-64/libgcc-15.2.0-he0feb66_19.conda
  sha256: 8e0a3b5e41272e5678499b5dfc4cddb673f9e935de01eb0767ce857001229f46
  md5: 57736f29cc2b0ec0b6c2952d3f101b6a
  depends:
  - __glibc >=2.17,<3.0.a0
  - _openmp_mutex >=4.5
  constrains:
  - libgcc-ng ==15.2.0=*_19
  - libgomp 15.2.0 he0feb66_19
  license: GPL-3.0-only WITH GCC-exception-3.1
  license_family: GPL
  size: 1041084
  timestamp: 1778269013026
- conda: https://conda.anaconda.org/conda-forge/linux-64/libgomp-15.2.0-he0feb66_19.conda
  sha256: 5abe4ab9d93f6c9757d654f1969ae2267d4505315c1f2f8fe705fd60af084f1b
  md5: faac990cb7aedc7f3a2224f2c9b0c26c
  depends:
  - __glibc >=2.17,<3.0.a0
  license: GPL-3.0-only WITH GCC-exception-3.1
  license_family: GPL
  size: 603817
  timestamp: 1778268942614
- conda: https://conda.anaconda.org/conda-forge/linux-64/liblzma-5.8.3-hb03c661_0.conda
  sha256: ec30e52a3c1bf7d0425380a189d209a52baa03f22fb66dd3eb587acaa765bd6d
  md5: b88d90cad08e6bc8ad540cb310a761fb
  depends:
  - __glibc >=2.17,<3.0.a0
  - libgcc >=14
  constrains:
  - xz 5.8.3.*
  license: 0BSD
  size: 113478
  timestamp: 1775825492909
- conda: https://conda.anaconda.org/conda-forge/osx-arm64/liblzma-5.8.3-h8088a28_0.conda
  sha256: 34878d87275c298f1a732c6806349125cebbf340d24c6c23727268184bba051e
  md5: b1fd823b5ae54fbec272cea0811bd8a9
  depends:
  - __osx >=11.0
  constrains:
  - xz 5.8.3.*
  license: 0BSD
  size: 92472
  timestamp: 1775825802659
- conda: https://conda.anaconda.org/conda-forge/linux-64/liblzma-devel-5.8.3-hb03c661_0.conda
  sha256: 7858f6a173206bc8a5bdc8e75690483bb66c0dcc3809ac1cb43c561a4723623a
  md5: 55c20edec8e90c4703787acaade60808
  depends:
  - __glibc >=2.17,<3.0.a0
  - libgcc >=14
  - liblzma 5.8.3 hb03c661_0
  license: 0BSD
  size: 491429
  timestamp: 1775825511214
- conda: https://conda.anaconda.org/conda-forge/osx-arm64/liblzma-devel-5.8.3-h8088a28_0.conda
  sha256: 3002be39c0e98ec6cd103b0dc2963dc9e0d7cab127fb2fe9a8de9707a76ed1f0
  md5: ebe1f5418d6e2d4bbc26b2c906a0a470
  depends:
  - __osx >=11.0
  - liblzma 5.8.3 h8088a28_0
  license: 0BSD
  size: 118482
  timestamp: 1775825828010
- conda: https://conda.anaconda.org/conda-forge/linux-64/libmpdec-4.0.0-hb03c661_1.conda
  sha256: fe171ed5cf5959993d43ff72de7596e8ac2853e9021dec0344e583734f1e0843
  md5: 2c21e66f50753a083cbe6b80f38268fa
  depends:
  - __glibc >=2.17,<3.0.a0
  - libgcc >=14
  license: BSD-2-Clause
  license_family: BSD
  size: 92400
  timestamp: 1769482286018
- conda: https://conda.anaconda.org/conda-forge/osx-arm64/libmpdec-4.0.0-h84a0fba_1.conda
  sha256: 1089c7f15d5b62c622625ec6700732ece83be8b705da8c6607f4dabb0c4bd6d2
  md5: 57c4be259f5e0b99a5983799a228ae55
  depends:
  - __osx >=11.0
  license: BSD-2-Clause
  license_family: BSD
  size: 73690
  timestamp: 1769482560514
- conda: https://conda.anaconda.org/conda-forge/linux-64/libsqlite-3.53.1-h0c1763c_0.conda
  sha256: 54cdcd3214313b62c2a8ee277e6f42150d9b748264c1b70d958bf735e420ef8d
  md5: 7dc38adcbf71e6b38748e919e16e0dce
  depends:
  - __glibc >=2.17,<3.0.a0
  - libgcc >=14
  - libzlib >=1.3.2,<2.0a0
  license: blessing
  size: 954962
  timestamp: 1777986471789
- conda: https://conda.anaconda.org/conda-forge/osx-arm64/libsqlite-3.53.1-h1b79a29_0.conda
  sha256: 49daec7c83e70d4efc17b813547824bc2bcf2f7256d84061d24fbfe537da9f74
  md5: 6681822ea9d362953206352371b6a904
  depends:
  - __osx >=11.0
  - libzlib >=1.3.2,<2.0a0
  license: blessing
  size: 920047
  timestamp: 1777987051643
- conda: https://conda.anaconda.org/conda-forge/linux-64/libstdcxx-15.2.0-h934c35e_19.conda
  sha256: dff1058c76ec6b8759e41cefa2508162d00e4a5e6721aa68ec3fd10094e702dc
  md5: 5794b3bdc38177caf969dabd3af08549
  depends:
  - __glibc >=2.17,<3.0.a0
  - libgcc 15.2.0 he0feb66_19
  constrains:
  - libstdcxx-ng ==15.2.0=*_19
  license: GPL-3.0-only WITH GCC-exception-3.1
  license_family: GPL
  size: 5852044
  timestamp: 1778269036376
- conda: https://conda.anaconda.org/conda-forge/linux-64/libuuid-2.42.1-h5347b49_0.conda
  sha256: 3f0edf1280e2f6684a986f821eaa3e123d2694a00b31b96ca0d4a4c12c129231
  md5: 7d0a66598195ef00b6efc55aefc7453b
  depends:
  - __glibc >=2.17,<3.0.a0
  - libgcc >=14
  license: BSD-3-Clause
  size: 40163
  timestamp: 1779118517630
- conda: https://conda.anaconda.org/conda-forge/linux-64/libzlib-1.3.2-h25fd6f3_2.conda
  sha256: 55044c403570f0dc26e6364de4dc5368e5f3fc7ff103e867c487e2b5ab2bcda9
  md5: d87ff7921124eccd67248aa483c23fec
  depends:
  - __glibc >=2.17,<3.0.a0
  constrains:
  - zlib 1.3.2 *_2
  license: Zlib
  license_family: Other
  size: 63629
  timestamp: 1774072609062
- conda: https://conda.anaconda.org/conda-forge/osx-arm64/libzlib-1.3.2-h8088a28_2.conda
  sha256: 361415a698514b19a852f5d1123c5da746d4642139904156ddfca7c922d23a05
  md5: bc5a5721b6439f2f62a84f2548136082
  depends:
  - __osx >=11.0
  constrains:
  - zlib 1.3.2 *_2
  license: Zlib
  license_family: Other
  size: 47759
  timestamp: 1774072956767
- conda: https://conda.anaconda.org/conda-forge/linux-64/ncurses-6.6-hdb14827_0.conda
  sha256: fc89f74bbe362fb29fa3c037697a89bec140b346a2469a90f7936d1d7ea4d8a3
  md5: fc21868a1a5aacc937e7a18747acb8a5
  depends:
  - __glibc >=2.17,<3.0.a0
  - libgcc >=14
  license: X11 AND BSD-3-Clause
  size: 918956
  timestamp: 1777422145199
- conda: https://conda.anaconda.org/conda-forge/osx-arm64/ncurses-6.6-h1d4f5a5_0.conda
  sha256: 4ea6c620b87bd1d42bb2ccc2c87cd2483fa2d7f9e905b14c223f11ff3f4c455d
  md5: 343d10ed5b44030a2f67193905aea159
  depends:
  - __osx >=11.0
  license: X11 AND BSD-3-Clause
  size: 805509
  timestamp: 1777423252320
- conda: https://conda.anaconda.org/conda-forge/linux-64/openssl-3.6.2-h35e630c_0.conda
  sha256: c0ef482280e38c71a08ad6d71448194b719630345b0c9c60744a2010e8a8e0cb
  md5: da1b85b6a87e141f5140bb9924cecab0
  depends:
  - __glibc >=2.17,<3.0.a0
  - ca-certificates
  - libgcc >=14
  license: Apache-2.0
  license_family: Apache
  size: 3167099
  timestamp: 1775587756857
- conda: https://conda.anaconda.org/conda-forge/osx-arm64/openssl-3.6.2-hd24854e_0.conda
  sha256: c91bf510c130a1ea1b6ff023e28bac0ccaef869446acd805e2016f69ebdc49ea
  md5: 25dcccd4f80f1638428613e0d7c9b4e1
  depends:
  - __osx >=11.0
  - ca-certificates
  license: Apache-2.0
  license_family: Apache
  size: 3106008
  timestamp: 1775587972483
- conda: https://conda.anaconda.org/conda-forge/linux-64/python-3.13.0-h9ebbce0_101_cp313.conda
  build_number: 101
  sha256: 66a7997b24b2dca636df11402abec7bd2199ddf6971eb47a3ee6b1d27d4faee9
  md5: f4fea9d5bb3f2e61a39950a7ab70ee4e
  depends:
  - __glibc >=2.17,<3.0.a0
  - bzip2 >=1.0.8,<2.0a0
  - ld_impl_linux-64 >=2.36.1
  - libexpat >=2.6.4,<3.0a0
  - libffi >=3.4,<4.0a0
  - libgcc >=13
  - libmpdec >=4.0.0,<5.0a0
  - libsqlite >=3.47.0,<4.0a0
  - libuuid >=2.38.1,<3.0a0
  - libzlib >=1.3.1,<2.0a0
  - ncurses >=6.5,<7.0a0
  - openssl >=3.4.0,<4.0a0
  - python_abi 3.13.* *_cp313
  - readline >=8.2,<9.0a0
  - tk >=8.6.13,<8.7.0a0
  - tzdata
  - xz >=5.2.6,<6.0a0
  license: Python-2.0
  size: 33054218
  timestamp: 1732736838043
- conda: https://conda.anaconda.org/conda-forge/osx-arm64/python-3.13.0-hbbac1ca_101_cp313.conda
  build_number: 101
  sha256: 742544a4cf9a10cf2c16d35d96fb696c27d58b9df0cc29fbef5629283aeca941
  md5: e972e146a1e0cfb1f26da42cb6f6648c
  depends:
  - __osx >=11.0
  - bzip2 >=1.0.8,<2.0a0
  - libexpat >=2.6.4,<3.0a0
  - libffi >=3.4,<4.0a0
  - libmpdec >=4.0.0,<5.0a0
  - libsqlite >=3.47.0,<4.0a0
  - libzlib >=1.3.1,<2.0a0
  - ncurses >=6.5,<7.0a0
  - openssl >=3.4.0,<4.0a0
  - python_abi 3.13.* *_cp313
  - readline >=8.2,<9.0a0
  - tk >=8.6.13,<8.7.0a0
  - tzdata
  - xz >=5.2.6,<6.0a0
  license: Python-2.0
  size: 12806496
  timestamp: 1732735488999
- conda: https://conda.anaconda.org/conda-forge/noarch/python_abi-3.13-8_cp313.conda
  build_number: 8
  sha256: 210bffe7b121e651419cb196a2a63687b087497595c9be9d20ebe97dd06060a7
  md5: 94305520c52a4aa3f6c2b1ff6008d9f8
  constrains:
  - python 3.13.* *_cp313
  license: BSD-3-Clause
  license_family: BSD
  size: 7002
  timestamp: 1752805902938
- conda: https://conda.anaconda.org/conda-forge/linux-64/readline-8.3-h853b02a_0.conda
  sha256: 12ffde5a6f958e285aa22c191ca01bbd3d6e710aa852e00618fa6ddc59149002
  md5: d7d95fc8287ea7bf33e0e7116d2b95ec
  depends:
  - __glibc >=2.17,<3.0.a0
  - libgcc >=14
  - ncurses >=6.5,<7.0a0
  license: GPL-3.0-only
  license_family: GPL
  size: 345073
  timestamp: 1765813471974
- conda: https://conda.anaconda.org/conda-forge/osx-arm64/readline-8.3-h46df422_0.conda
  sha256: a77010528efb4b548ac2a4484eaf7e1c3907f2aec86123ed9c5212ae44502477
  md5: f8381319127120ce51e081dce4865cf4
  depends:
  - __osx >=11.0
  - ncurses >=6.5,<7.0a0
  license: GPL-3.0-only
  license_family: GPL
  size: 313930
  timestamp: 1765813902568
- conda: https://conda.anaconda.org/conda-forge/linux-64/tk-8.6.13-noxft_h366c992_103.conda
  sha256: cafeec44494f842ffeca27e9c8b0c27ed714f93ac77ddadc6aaf726b5554ebac
  md5: cffd3bdd58090148f4cfcd831f4b26ab
  depends:
  - __glibc >=2.17,<3.0.a0
  - libgcc >=14
  - libzlib >=1.3.1,<2.0a0
  constrains:
  - xorg-libx11 >=1.8.12,<2.0a0
  license: TCL
  license_family: BSD
  size: 3301196
  timestamp: 1769460227866
- conda: https://conda.anaconda.org/conda-forge/osx-arm64/tk-8.6.13-h010d191_3.conda
  sha256: 799cab4b6cde62f91f750149995d149bc9db525ec12595e8a1d91b9317f038b3
  md5: a9d86bc62f39b94c4661716624eb21b0
  depends:
  - __osx >=11.0
  - libzlib >=1.3.1,<2.0a0
  license: TCL
  license_family: BSD
  size: 3127137
  timestamp: 1769460817696
- conda: https://conda.anaconda.org/conda-forge/noarch/tzdata-2025c-hc9c84f9_1.conda
  sha256: 1d30098909076af33a35017eed6f2953af1c769e273a0626a04722ac4acaba3c
  md5: ad659d0a2b3e47e38d829aa8cad2d610
  license: LicenseRef-Public-Domain
  size: 119135
  timestamp: 1767016325805
- conda: https://conda.anaconda.org/conda-forge/linux-64/uv-0.11.15-h29f5ae7_0.conda
  sha256: 292f2cc1c3460cf4f353ce4916dced289e51757af7f8b9d0a51cdf79b478278a
  md5: 304db5db0410f549be4a197c369fe2d2
  depends:
  - libgcc >=14
  - libstdcxx >=14
  - __glibc >=2.17,<3.0.a0
  constrains:
  - __glibc >=2.17
  license: Apache-2.0 OR MIT
  size: 19114963
  timestamp: 1779146670670
- conda: https://conda.anaconda.org/conda-forge/osx-arm64/uv-0.11.15-h2c65d96_0.conda
  sha256: a8b9bde431359794b6b21829c25c576114a9a5694936a92fa51c8e9449c0f426
  md5: 4b0e53ffbac2c4422e5b60210dbfc21f
  depends:
  - libcxx >=19
  - __osx >=11.0
  constrains:
  - __osx >=11.0
  license: Apache-2.0 OR MIT
  size: 16569511
  timestamp: 1779146741079
- conda: https://conda.anaconda.org/conda-forge/linux-64/xz-5.8.3-ha02ee65_0.conda
  sha256: 2553fd3ec0a1020b2ca05ca10b0036a596cb0d4bf3645922fcf69dacce0e6679
  md5: 6a1b6af49a334e4e06b9f103367762bf
  depends:
  - __glibc >=2.17,<3.0.a0
  - libgcc >=14
  - liblzma 5.8.3 hb03c661_0
  - liblzma-devel 5.8.3 hb03c661_0
  - xz-gpl-tools 5.8.3 ha02ee65_0
  - xz-tools 5.8.3 hb03c661_0
  license: 0BSD AND LGPL-2.1-or-later AND GPL-2.0-or-later
  size: 24360
  timestamp: 1775825568523
- conda: https://conda.anaconda.org/conda-forge/osx-arm64/xz-5.8.3-hd0f0c4f_0.conda
  sha256: d5bb880876336f625523c022aa9bdc6be76a85df721d9e7b33c352f528619185
  md5: 4df12be699991b97b66a85cc46ea75b5
  depends:
  - __osx >=11.0
  - liblzma 5.8.3 h8088a28_0
  - liblzma-devel 5.8.3 h8088a28_0
  - xz-gpl-tools 5.8.3 hd0f0c4f_0
  - xz-tools 5.8.3 h8088a28_0
  license: 0BSD AND LGPL-2.1-or-later AND GPL-2.0-or-later
  size: 24348
  timestamp: 1775825911109
- conda: https://conda.anaconda.org/conda-forge/linux-64/xz-gpl-tools-5.8.3-ha02ee65_0.conda
  sha256: 8f139666ea18dc8340a44a54056627dd4e89e242e8cd136ab2467d6dc2c192ba
  md5: 8f5e2c6726c1339287a3c76a2c138ac7
  depends:
  - __glibc >=2.17,<3.0.a0
  - libgcc >=14
  - liblzma 5.8.3 hb03c661_0
  constrains:
  - xz 5.8.3.*
  license: 0BSD AND LGPL-2.1-or-later AND GPL-2.0-or-later
  size: 34213
  timestamp: 1775825548743
- conda: https://conda.anaconda.org/conda-forge/osx-arm64/xz-gpl-tools-5.8.3-hd0f0c4f_0.conda
  sha256: 0864d53202f618b4c8a5f2c38b7029f14b900b852e99b6248813303f69ccfdee
  md5: 43d168a8c95a8fcdcc44c2a0a7887653
  depends:
  - __osx >=11.0
  - liblzma 5.8.3 h8088a28_0
  constrains:
  - xz 5.8.3.*
  license: 0BSD AND LGPL-2.1-or-later AND GPL-2.0-or-later
  size: 34224
  timestamp: 1775825884830
- conda: https://conda.anaconda.org/conda-forge/linux-64/xz-tools-5.8.3-hb03c661_0.conda
  sha256: 162ebd76803464b8c8ebc7d45df32edf0ec717b3bf369a437ae3b0254f22dc2e
  md5: b62b615caa60812640f24db3a8d0fc87
  depends:
  - __glibc >=2.17,<3.0.a0
  - libgcc >=14
  - liblzma 5.8.3 hb03c661_0
  constrains:
  - xz 5.8.3.*
  license: 0BSD AND LGPL-2.1-or-later
  size: 95955
  timestamp: 1775825530484
- conda: https://conda.anaconda.org/conda-forge/osx-arm64/xz-tools-5.8.3-h8088a28_0.conda
  sha256: beb7fb34d5517cce06f5f89710de7108a8ca65ed9c0324269fc0446807bcbd91
  md5: b8c47eab4e58fe7015a12ceb9d5b114c
  depends:
  - __osx >=11.0
  - liblzma 5.8.3 h8088a28_0
  constrains:
  - xz 5.8.3.*
  license: 0BSD AND LGPL-2.1-or-later
  size: 85931
  timestamp: 1775825857949
- conda: https://conda.anaconda.org/conda-forge/linux-64/zstd-1.5.7-hb78ec9c_6.conda
  sha256: 68f0206ca6e98fea941e5717cec780ed2873ffabc0e1ed34428c061e2c6268c7
  md5: 4a13eeac0b5c8e5b8ab496e6c4ddd829
  depends:
  - __glibc >=2.17,<3.0.a0
  - libzlib >=1.3.1,<2.0a0
  license: BSD-3-Clause
  license_family: BSD
  size: 601375
  timestamp: 1764777111296
